{
  "nodes": {
    "nixpkgs": {
      "locked": {
        "lastModified": 1698953308,
        "narHash": "sha256-efq7G58HxQ+Hl0iLb0fo4+KOIOaXrGzCO5LF0Ykv7Ao=",
        "owner": "NixOS",
        "repo": "nixpkgs",
        "rev": "942908f7f565084566819b84f238bbce66051c55",
        "type": "github"
      },
      "original": {
        "owner": "NixOS",
        "repo": "nixpkgs",
        "type": "github"
      }
    },
    "root": {
      "inputs": {
        "nixpkgs": "nixpkgs"
      }
    }
  },
  "root": "root",
  "version": 7
}
